# generated by rye
# use `rye lock` or `rye sync` to update this lockfile
#
# last locked with the following flags:
#   pre: false
#   features: []
#   all-features: false
#   with-sources: false
#   generate-hashes: false
#   universal: false

-e file:.
certifi==2024.7.4
    # via requests
charset-normalizer==3.3.2
    # via requests
idna==3.7
    # via requests
mypy==1.11.1
mypy-extensions==1.0.0
    # via mypy
requests==2.32.3
    # via paindrop
types-requests==2.32.0.20240712
typing-extensions==4.12.2
    # via mypy
urllib3==2.2.2
    # via requests
    # via types-requests
